// !$*UTF8*$!
{
	archiveVersion = 1;
	classes = {
	};
	objectVersion = 50;
	objects = {

/* Begin PBXBuildFile section */
		C327DB242617A4C000D148E1 /* FeedLoaderWithFallbackComposite.swift in Sources */ = {isa = PBXBuildFile; fileRef = C327DB232617A4C000D148E1 /* FeedLoaderWithFallbackComposite.swift */; };
		C3F860422611B8890057FCB1 /* FeedLoaderWithFallbackCompositeTests.swift in Sources */ = {isa = PBXBuildFile; fileRef = C3F860412611B8890057FCB1 /* FeedLoaderWithFallbackCompositeTests.swift */; };
		C3FE434E260703AA0013C543 /* AppDelegate.swift in Sources */ = {isa = PBXBuildFile; fileRef = C3FE434D260703AA0013C543 /* AppDelegate.swift */; };
		C3FE4350260703AA0013C543 /* SceneDelegate.swift in Sources */ = {isa = PBXBuildFile; fileRef = C3FE434F260703AA0013C543 /* SceneDelegate.swift */; };
		C3FE4352260703AA0013C543 /* ViewController.swift in Sources */ = {isa = PBXBuildFile; fileRef = C3FE4351260703AA0013C543 /* ViewController.swift */; };
		C3FE4355260703AB0013C543 /* Main.storyboard in Resources */ = {isa = PBXBuildFile; fileRef = C3FE4353260703AB0013C543 /* Main.storyboard */; };
		C3FE4357260703AE0013C543 /* Assets.xcassets in Resources */ = {isa = PBXBuildFile; fileRef = C3FE4356260703AE0013C543 /* Assets.xcassets */; };
		C3FE435A260703AE0013C543 /* LaunchScreen.storyboard in Resources */ = {isa = PBXBuildFile; fileRef = C3FE4358260703AE0013C543 /* LaunchScreen.storyboard */; };
		C3FE4365260703AF0013C543 /* EssentialAppTests.swift in Sources */ = {isa = PBXBuildFile; fileRef = C3FE4364260703AF0013C543 /* EssentialAppTests.swift */; };
		C3FE4370260703AF0013C543 /* EssentialAppUITests.swift in Sources */ = {isa = PBXBuildFile; fileRef = C3FE436F260703AF0013C543 /* EssentialAppUITests.swift */; };
		C3FEE8E22607059A0029182D /* LDEssentials.framework in Frameworks */ = {isa = PBXBuildFile; fileRef = C3FEE8E02607059A0029182D /* LDEssentials.framework */; };
		C3FEE8E32607059A0029182D /* LDEssentials.framework in Embed Frameworks */ = {isa = PBXBuildFile; fileRef = C3FEE8E02607059A0029182D /* LDEssentials.framework */; settings = {ATTRIBUTES = (CodeSignOnCopy, RemoveHeadersOnCopy, ); }; };
		C3FEE8E42607059A0029182D /* LDEssentialsiOS.framework in Frameworks */ = {isa = PBXBuildFile; fileRef = C3FEE8E12607059A0029182D /* LDEssentialsiOS.framework */; };
		C3FEE8E52607059A0029182D /* LDEssentialsiOS.framework in Embed Frameworks */ = {isa = PBXBuildFile; fileRef = C3FEE8E12607059A0029182D /* LDEssentialsiOS.framework */; settings = {ATTRIBUTES = (CodeSignOnCopy, RemoveHeadersOnCopy, ); }; };
/* End PBXBuildFile section */

/* Begin PBXContainerItemProxy section */
		C3FE4361260703AF0013C543 /* PBXContainerItemProxy */ = {
			isa = PBXContainerItemProxy;
			containerPortal = C3FE4342260703AA0013C543 /* Project object */;
			proxyType = 1;
			remoteGlobalIDString = C3FE4349260703AA0013C543;
			remoteInfo = EssentialApp;
		};
		C3FE436C260703AF0013C543 /* PBXContainerItemProxy */ = {
			isa = PBXContainerItemProxy;
			containerPortal = C3FE4342260703AA0013C543 /* Project object */;
			proxyType = 1;
			remoteGlobalIDString = C3FE4349260703AA0013C543;
			remoteInfo = EssentialApp;
		};
/* End PBXContainerItemProxy section */

/* Begin PBXCopyFilesBuildPhase section */
		C3FEE8E62607059A0029182D /* Embed Frameworks */ = {
			isa = PBXCopyFilesBuildPhase;
			buildActionMask = 2147483647;
			dstPath = "";
			dstSubfolderSpec = 10;
			files = (
				C3FEE8E32607059A0029182D /* LDEssentials.framework in Embed Frameworks */,
				C3FEE8E52607059A0029182D /* LDEssentialsiOS.framework in Embed Frameworks */,
			);
			name = "Embed Frameworks";
			runOnlyForDeploymentPostprocessing = 0;
		};
/* End PBXCopyFilesBuildPhase section */

/* Begin PBXFileReference section */
		C327DB232617A4C000D148E1 /* FeedLoaderWithFallbackComposite.swift */ = {isa = PBXFileReference; lastKnownFileType = sourcecode.swift; path = FeedLoaderWithFallbackComposite.swift; sourceTree = "<group>"; };
		C3F860412611B8890057FCB1 /* FeedLoaderWithFallbackCompositeTests.swift */ = {isa = PBXFileReference; lastKnownFileType = sourcecode.swift; path = FeedLoaderWithFallbackCompositeTests.swift; sourceTree = "<group>"; };
		C3FE434A260703AA0013C543 /* EssentialApp.app */ = {isa = PBXFileReference; explicitFileType = wrapper.application; includeInIndex = 0; path = EssentialApp.app; sourceTree = BUILT_PRODUCTS_DIR; };
		C3FE434D260703AA0013C543 /* AppDelegate.swift */ = {isa = PBXFileReference; lastKnownFileType = sourcecode.swift; path = AppDelegate.swift; sourceTree = "<group>"; };
		C3FE434F260703AA0013C543 /* SceneDelegate.swift */ = {isa = PBXFileReference; lastKnownFileType = sourcecode.swift; path = SceneDelegate.swift; sourceTree = "<group>"; };
		C3FE4351260703AA0013C543 /* ViewController.swift */ = {isa = PBXFileReference; lastKnownFileType = sourcecode.swift; path = ViewController.swift; sourceTree = "<group>"; };
		C3FE4354260703AB0013C543 /* Base */ = {isa = PBXFileReference; lastKnownFileType = file.storyboard; name = Base; path = Base.lproj/Main.storyboard; sourceTree = "<group>"; };
		C3FE4356260703AE0013C543 /* Assets.xcassets */ = {isa = PBXFileReference; lastKnownFileType = folder.assetcatalog; path = Assets.xcassets; sourceTree = "<group>"; };
		C3FE4359260703AE0013C543 /* Base */ = {isa = PBXFileReference; lastKnownFileType = file.storyboard; name = Base; path = Base.lproj/LaunchScreen.storyboard; sourceTree = "<group>"; };
		C3FE435B260703AE0013C543 /* Info.plist */ = {isa = PBXFileReference; lastKnownFileType = text.plist.xml; path = Info.plist; sourceTree = "<group>"; };
		C3FE4360260703AF0013C543 /* EssentialAppTests.xctest */ = {isa = PBXFileReference; explicitFileType = wrapper.cfbundle; includeInIndex = 0; path = EssentialAppTests.xctest; sourceTree = BUILT_PRODUCTS_DIR; };
		C3FE4364260703AF0013C543 /* EssentialAppTests.swift */ = {isa = PBXFileReference; lastKnownFileType = sourcecode.swift; path = EssentialAppTests.swift; sourceTree = "<group>"; };
		C3FE4366260703AF0013C543 /* Info.plist */ = {isa = PBXFileReference; lastKnownFileType = text.plist.xml; path = Info.plist; sourceTree = "<group>"; };
		C3FE436B260703AF0013C543 /* EssentialAppUITests.xctest */ = {isa = PBXFileReference; explicitFileType = wrapper.cfbundle; includeInIndex = 0; path = EssentialAppUITests.xctest; sourceTree = BUILT_PRODUCTS_DIR; };
		C3FE436F260703AF0013C543 /* EssentialAppUITests.swift */ = {isa = PBXFileReference; lastKnownFileType = sourcecode.swift; path = EssentialAppUITests.swift; sourceTree = "<group>"; };
		C3FE4371260703AF0013C543 /* Info.plist */ = {isa = PBXFileReference; lastKnownFileType = text.plist.xml; path = Info.plist; sourceTree = "<group>"; };
		C3FEE8E02607059A0029182D /* LDEssentials.framework */ = {isa = PBXFileReference; explicitFileType = wrapper.framework; path = LDEssentials.framework; sourceTree = BUILT_PRODUCTS_DIR; };
		C3FEE8E12607059A0029182D /* LDEssentialsiOS.framework */ = {isa = PBXFileReference; explicitFileType = wrapper.framework; path = LDEssentialsiOS.framework; sourceTree = BUILT_PRODUCTS_DIR; };
/* End PBXFileReference section */

/* Begin PBXFrameworksBuildPhase section */
		C3FE4347260703AA0013C543 /* Frameworks */ = {
			isa = PBXFrameworksBuildPhase;
			buildActionMask = 2147483647;
			files = (
				C3FEE8E22607059A0029182D /* LDEssentials.framework in Frameworks */,
				C3FEE8E42607059A0029182D /* LDEssentialsiOS.framework in Frameworks */,
			);
			runOnlyForDeploymentPostprocessing = 0;
		};
		C3FE435D260703AF0013C543 /* Frameworks */ = {
			isa = PBXFrameworksBuildPhase;
			buildActionMask = 2147483647;
			files = (
			);
			runOnlyForDeploymentPostprocessing = 0;
		};
		C3FE4368260703AF0013C543 /* Frameworks */ = {
			isa = PBXFrameworksBuildPhase;
			buildActionMask = 2147483647;
			files = (
			);
			runOnlyForDeploymentPostprocessing = 0;
		};
/* End PBXFrameworksBuildPhase section */

/* Begin PBXGroup section */
		C3FE4341260703AA0013C543 = {
			isa = PBXGroup;
			children = (
				C3FE434C260703AA0013C543 /* EssentialApp */,
				C3FE4363260703AF0013C543 /* EssentialAppTests */,
				C3FE436E260703AF0013C543 /* EssentialAppUITests */,
				C3FE434B260703AA0013C543 /* Products */,
				C3FEE8DF2607059A0029182D /* Frameworks */,
			);
			sourceTree = "<group>";
		};
		C3FE434B260703AA0013C543 /* Products */ = {
			isa = PBXGroup;
			children = (
				C3FE434A260703AA0013C543 /* EssentialApp.app */,
				C3FE4360260703AF0013C543 /* EssentialAppTests.xctest */,
				C3FE436B260703AF0013C543 /* EssentialAppUITests.xctest */,
			);
			name = Products;
			sourceTree = "<group>";
		};
		C3FE434C260703AA0013C543 /* EssentialApp */ = {
			isa = PBXGroup;
			children = (
				C3FE434D260703AA0013C543 /* AppDelegate.swift */,
				C3FE434F260703AA0013C543 /* SceneDelegate.swift */,
				C3FE4351260703AA0013C543 /* ViewController.swift */,
				C327DB232617A4C000D148E1 /* FeedLoaderWithFallbackComposite.swift */,
				C3FE4353260703AB0013C543 /* Main.storyboard */,
				C3FE4356260703AE0013C543 /* Assets.xcassets */,
				C3FE4358260703AE0013C543 /* LaunchScreen.storyboard */,
				C3FE435B260703AE0013C543 /* Info.plist */,
			);
			path = EssentialApp;
			sourceTree = "<group>";
		};
		C3FE4363260703AF0013C543 /* EssentialAppTests */ = {
			isa = PBXGroup;
			children = (
				C3FE4364260703AF0013C543 /* EssentialAppTests.swift */,
				C3FE4366260703AF0013C543 /* Info.plist */,
				C3F860412611B8890057FCB1 /* FeedLoaderWithFallbackCompositeTests.swift */,
			);
			path = EssentialAppTests;
			sourceTree = "<group>";
		};
		C3FE436E260703AF0013C543 /* EssentialAppUITests */ = {
			isa = PBXGroup;
			children = (
				C3FE436F260703AF0013C543 /* EssentialAppUITests.swift */,
				C3FE4371260703AF0013C543 /* Info.plist */,
			);
			path = EssentialAppUITests;
			sourceTree = "<group>";
		};
		C3FEE8DF2607059A0029182D /* Frameworks */ = {
			isa = PBXGroup;
			children = (
				C3FEE8E02607059A0029182D /* LDEssentials.framework */,
				C3FEE8E12607059A0029182D /* LDEssentialsiOS.framework */,
			);
			name = Frameworks;
			sourceTree = "<group>";
		};
/* End PBXGroup section */

/* Begin PBXNativeTarget section */
		C3FE4349260703AA0013C543 /* EssentialApp */ = {
			isa = PBXNativeTarget;
			buildConfigurationList = C3FE4374260703AF0013C543 /* Build configuration list for PBXNativeTarget "EssentialApp" */;
			buildPhases = (
				C3FE4346260703AA0013C543 /* Sources */,
				C3FE4347260703AA0013C543 /* Frameworks */,
				C3FE4348260703AA0013C543 /* Resources */,
				C3FEE8E62607059A0029182D /* Embed Frameworks */,
			);
			buildRules = (
			);
			dependencies = (
			);
			name = EssentialApp;
			productName = EssentialApp;
			productReference = C3FE434A260703AA0013C543 /* EssentialApp.app */;
			productType = "com.apple.product-type.application";
		};
		C3FE435F260703AF0013C543 /* EssentialAppTests */ = {
			isa = PBXNativeTarget;
			buildConfigurationList = C3FE4377260703AF0013C543 /* Build configuration list for PBXNativeTarget "EssentialAppTests" */;
			buildPhases = (
				C3FE435C260703AF0013C543 /* Sources */,
				C3FE435D260703AF0013C543 /* Frameworks */,
				C3FE435E260703AF0013C543 /* Resources */,
			);
			buildRules = (
			);
			dependencies = (
				C3FE4362260703AF0013C543 /* PBXTargetDependency */,
			);
			name = EssentialAppTests;
			productName = EssentialAppTests;
			productReference = C3FE4360260703AF0013C543 /* EssentialAppTests.xctest */;
			productType = "com.apple.product-type.bundle.unit-test";
		};
		C3FE436A260703AF0013C543 /* EssentialAppUITests */ = {
			isa = PBXNativeTarget;
			buildConfigurationList = C3FE437A260703AF0013C543 /* Build configuration list for PBXNativeTarget "EssentialAppUITests" */;
			buildPhases = (
				C3FE4367260703AF0013C543 /* Sources */,
				C3FE4368260703AF0013C543 /* Frameworks */,
				C3FE4369260703AF0013C543 /* Resources */,
			);
			buildRules = (
			);
			dependencies = (
				C3FE436D260703AF0013C543 /* PBXTargetDependency */,
			);
			name = EssentialAppUITests;
			productName = EssentialAppUITests;
			productReference = C3FE436B260703AF0013C543 /* EssentialAppUITests.xctest */;
			productType = "com.apple.product-type.bundle.ui-testing";
		};
/* End PBXNativeTarget section */

/* Begin PBXProject section */
		C3FE4342260703AA0013C543 /* Project object */ = {
			isa = PBXProject;
			attributes = {
				LastSwiftUpdateCheck = 1230;
				LastUpgradeCheck = 1230;
				TargetAttributes = {
					C3FE4349260703AA0013C543 = {
						CreatedOnToolsVersion = 12.3;
					};
					C3FE435F260703AF0013C543 = {
						CreatedOnToolsVersion = 12.3;
						TestTargetID = C3FE4349260703AA0013C543;
					};
					C3FE436A260703AF0013C543 = {
						CreatedOnToolsVersion = 12.3;
						TestTargetID = C3FE4349260703AA0013C543;
					};
				};
			};
			buildConfigurationList = C3FE4345260703AA0013C543 /* Build configuration list for PBXProject "EssentialApp" */;
			compatibilityVersion = "Xcode 9.3";
			developmentRegion = en;
			hasScannedForEncodings = 0;
			knownRegions = (
				en,
				Base,
			);
			mainGroup = C3FE4341260703AA0013C543;
			productRefGroup = C3FE434B260703AA0013C543 /* Products */;
			projectDirPath = "";
			projectRoot = "";
			targets = (
				C3FE4349260703AA0013C543 /* EssentialApp */,
				C3FE435F260703AF0013C543 /* EssentialAppTests */,
				C3FE436A260703AF0013C543 /* EssentialAppUITests */,
			);
		};
/* End PBXProject section */

/* Begin PBXResourcesBuildPhase section */
		C3FE4348260703AA0013C543 /* Resources */ = {
			isa = PBXResourcesBuildPhase;
			buildActionMask = 2147483647;
			files = (
				C3FE435A260703AE0013C543 /* LaunchScreen.storyboard in Resources */,
				C3FE4357260703AE0013C543 /* Assets.xcassets in Resources */,
				C3FE4355260703AB0013C543 /* Main.storyboard in Resources */,
			);
			runOnlyForDeploymentPostprocessing = 0;
		};
		C3FE435E260703AF0013C543 /* Resources */ = {
			isa = PBXResourcesBuildPhase;
			buildActionMask = 2147483647;
			files = (
			);
			runOnlyForDeploymentPostprocessing = 0;
		};
		C3FE4369260703AF0013C543 /* Resources */ = {
			isa = PBXResourcesBuildPhase;
			buildActionMask = 2147483647;
			files = (
			);
			runOnlyForDeploymentPostprocessing = 0;
		};
/* End PBXResourcesBuildPhase section */

/* Begin PBXSourcesBuildPhase section */
		C3FE4346260703AA0013C543 /* Sources */ = {
			isa = PBXSourcesBuildPhase;
			buildActionMask = 2147483647;
			files = (
				C3FE4352260703AA0013C543 /* ViewController.swift in Sources */,
				C3FE434E260703AA0013C543 /* AppDelegate.swift in Sources */,
				C327DB242617A4C000D148E1 /* FeedLoaderWithFallbackComposite.swift in Sources */,
				C3FE4350260703AA0013C543 /* SceneDelegate.swift in Sources */,
			);
			runOnlyForDeploymentPostprocessing = 0;
		};
		C3FE435C260703AF0013C543 /* Sources */ = {
			isa = PBXSourcesBuildPhase;
			buildActionMask = 2147483647;
			files = (
				C3F860422611B8890057FCB1 /* FeedLoaderWithFallbackCompositeTests.swift in Sources */,
				C3FE4365260703AF0013C543 /* EssentialAppTests.swift in Sources */,
			);
			runOnlyForDeploymentPostprocessing = 0;
		};
		C3FE4367260703AF0013C543 /* Sources */ = {
			isa = PBXSourcesBuildPhase;
			buildActionMask = 2147483647;
			files = (
				C3FE4370260703AF0013C543 /* EssentialAppUITests.swift in Sources */,
			);
			runOnlyForDeploymentPostprocessing = 0;
		};
/* End PBXSourcesBuildPhase section */

/* Begin PBXTargetDependency section */
		C3FE4362260703AF0013C543 /* PBXTargetDependency */ = {
			isa = PBXTargetDependency;
			target = C3FE4349260703AA0013C543 /* EssentialApp */;
			targetProxy = C3FE4361260703AF0013C543 /* PBXContainerItemProxy */;
		};
		C3FE436D260703AF0013C543 /* PBXTargetDependency */ = {
			isa = PBXTargetDependency;
			target = C3FE4349260703AA0013C543 /* EssentialApp */;
			targetProxy = C3FE436C260703AF0013C543 /* PBXContainerItemProxy */;
		};
/* End PBXTargetDependency section */

/* Begin PBXVariantGroup section */
		C3FE4353260703AB0013C543 /* Main.storyboard */ = {
			isa = PBXVariantGroup;
			children = (
				C3FE4354260703AB0013C543 /* Base */,
			);
			name = Main.storyboard;
			sourceTree = "<group>";
		};
		C3FE4358260703AE0013C543 /* LaunchScreen.storyboard */ = {
			isa = PBXVariantGroup;
			children = (
				C3FE4359260703AE0013C543 /* Base */,
			);
			name = LaunchScreen.storyboard;
			sourceTree = "<group>";
		};
/* End PBXVariantGroup section */

/* Begin XCBuildConfiguration section */
		C3FE4372260703AF0013C543 /* Debug */ = {
			isa = XCBuildConfiguration;
			buildSettings = {
				ALWAYS_SEARCH_USER_PATHS = NO;
				CLANG_ANALYZER_NONNULL = YES;
				CLANG_ANALYZER_NUMBER_OBJECT_CONVERSION = YES_AGGRESSIVE;
				CLANG_CXX_LANGUAGE_STANDARD = "gnu++14";
				CLANG_CXX_LIBRARY = "libc++";
				CLANG_ENABLE_MODULES = YES;
				CLANG_ENABLE_OBJC_ARC = YES;
				CLANG_ENABLE_OBJC_WEAK = YES;
				CLANG_WARN_BLOCK_CAPTURE_AUTORELEASING = YES;
				CLANG_WARN_BOOL_CONVERSION = YES;
				CLANG_WARN_COMMA = YES;
				CLANG_WARN_CONSTANT_CONVERSION = YES;
				CLANG_WARN_DEPRECATED_OBJC_IMPLEMENTATIONS = YES;
				CLANG_WARN_DIRECT_OBJC_ISA_USAGE = YES_ERROR;
				CLANG_WARN_DOCUMENTATION_COMMENTS = YES;
				CLANG_WARN_EMPTY_BODY = YES;
				CLANG_WARN_ENUM_CONVERSION = YES;
				CLANG_WARN_INFINITE_RECURSION = YES;
				CLANG_WARN_INT_CONVERSION = YES;
				CLANG_WARN_NON_LITERAL_NULL_CONVERSION = YES;
				CLANG_WARN_OBJC_IMPLICIT_RETAIN_SELF = YES;
				CLANG_WARN_OBJC_LITERAL_CONVERSION = YES;
				CLANG_WARN_OBJC_ROOT_CLASS = YES_ERROR;
				CLANG_WARN_QUOTED_INCLUDE_IN_FRAMEWORK_HEADER = YES;
				CLANG_WARN_RANGE_LOOP_ANALYSIS = YES;
				CLANG_WARN_STRICT_PROTOTYPES = YES;
				CLANG_WARN_SUSPICIOUS_MOVE = YES;
				CLANG_WARN_UNGUARDED_AVAILABILITY = YES_AGGRESSIVE;
				CLANG_WARN_UNREACHABLE_CODE = YES;
				CLANG_WARN__DUPLICATE_METHOD_MATCH = YES;
				COPY_PHASE_STRIP = NO;
				DEBUG_INFORMATION_FORMAT = dwarf;
				ENABLE_STRICT_OBJC_MSGSEND = YES;
				ENABLE_TESTABILITY = YES;
				GCC_C_LANGUAGE_STANDARD = gnu11;
				GCC_DYNAMIC_NO_PIC = NO;
				GCC_NO_COMMON_BLOCKS = YES;
				GCC_OPTIMIZATION_LEVEL = 0;
				GCC_PREPROCESSOR_DEFINITIONS = (
					"DEBUG=1",
					"$(inherited)",
				);
				GCC_WARN_64_TO_32_BIT_CONVERSION = YES;
				GCC_WARN_ABOUT_RETURN_TYPE = YES_ERROR;
				GCC_WARN_UNDECLARED_SELECTOR = YES;
				GCC_WARN_UNINITIALIZED_AUTOS = YES_AGGRESSIVE;
				GCC_WARN_UNUSED_FUNCTION = YES;
				GCC_WARN_UNUSED_VARIABLE = YES;
				IPHONEOS_DEPLOYMENT_TARGET = 14.3;
				MTL_ENABLE_DEBUG_INFO = INCLUDE_SOURCE;
				MTL_FAST_MATH = YES;
				ONLY_ACTIVE_ARCH = YES;
				SDKROOT = iphoneos;
				SWIFT_ACTIVE_COMPILATION_CONDITIONS = DEBUG;
				SWIFT_OPTIMIZATION_LEVEL = "-Onone";
			};
			name = Debug;
		};
		C3FE4373260703AF0013C543 /* Release */ = {
			isa = XCBuildConfiguration;
			buildSettings = {
				ALWAYS_SEARCH_USER_PATHS = NO;
				CLANG_ANALYZER_NONNULL = YES;
				CLANG_ANALYZER_NUMBER_OBJECT_CONVERSION = YES_AGGRESSIVE;
				CLANG_CXX_LANGUAGE_STANDARD = "gnu++14";
				CLANG_CXX_LIBRARY = "libc++";
				CLANG_ENABLE_MODULES = YES;
				CLANG_ENABLE_OBJC_ARC = YES;
				CLANG_ENABLE_OBJC_WEAK = YES;
				CLANG_WARN_BLOCK_CAPTURE_AUTORELEASING = YES;
				CLANG_WARN_BOOL_CONVERSION = YES;
				CLANG_WARN_COMMA = YES;
				CLANG_WARN_CONSTANT_CONVERSION = YES;
				CLANG_WARN_DEPRECATED_OBJC_IMPLEMENTATIONS = YES;
				CLANG_WARN_DIRECT_OBJC_ISA_USAGE = YES_ERROR;
				CLANG_WARN_DOCUMENTATION_COMMENTS = YES;
				CLANG_WARN_EMPTY_BODY = YES;
				CLANG_WARN_ENUM_CONVERSION = YES;
				CLANG_WARN_INFINITE_RECURSION = YES;
				CLANG_WARN_INT_CONVERSION = YES;
				CLANG_WARN_NON_LITERAL_NULL_CONVERSION = YES;
				CLANG_WARN_OBJC_IMPLICIT_RETAIN_SELF = YES;
				CLANG_WARN_OBJC_LITERAL_CONVERSION = YES;
				CLANG_WARN_OBJC_ROOT_CLASS = YES_ERROR;
				CLANG_WARN_QUOTED_INCLUDE_IN_FRAMEWORK_HEADER = YES;
				CLANG_WARN_RANGE_LOOP_ANALYSIS = YES;
				CLANG_WARN_STRICT_PROTOTYPES = YES;
				CLANG_WARN_SUSPICIOUS_MOVE = YES;
				CLANG_WARN_UNGUARDED_AVAILABILITY = YES_AGGRESSIVE;
				CLANG_WARN_UNREACHABLE_CODE = YES;
				CLANG_WARN__DUPLICATE_METHOD_MATCH = YES;
				COPY_PHASE_STRIP = NO;
				DEBUG_INFORMATION_FORMAT = "dwarf-with-dsym";
				ENABLE_NS_ASSERTIONS = NO;
				ENABLE_STRICT_OBJC_MSGSEND = YES;
				GCC_C_LANGUAGE_STANDARD = gnu11;
				GCC_NO_COMMON_BLOCKS = YES;
				GCC_WARN_64_TO_32_BIT_CONVERSION = YES;
				GCC_WARN_ABOUT_RETURN_TYPE = YES_ERROR;
				GCC_WARN_UNDECLARED_SELECTOR = YES;
				GCC_WARN_UNINITIALIZED_AUTOS = YES_AGGRESSIVE;
				GCC_WARN_UNUSED_FUNCTION = YES;
				GCC_WARN_UNUSED_VARIABLE = YES;
				IPHONEOS_DEPLOYMENT_TARGET = 14.3;
				MTL_ENABLE_DEBUG_INFO = NO;
				MTL_FAST_MATH = YES;
				SDKROOT = iphoneos;
				SWIFT_COMPILATION_MODE = wholemodule;
				SWIFT_OPTIMIZATION_LEVEL = "-O";
				VALIDATE_PRODUCT = YES;
			};
			name = Release;
		};
		C3FE4375260703AF0013C543 /* Debug */ = {
			isa = XCBuildConfiguration;
			buildSettings = {
				ASSETCATALOG_COMPILER_APPICON_NAME = AppIcon;
				ASSETCATALOG_COMPILER_GLOBAL_ACCENT_COLOR_NAME = AccentColor;
				CODE_SIGN_STYLE = Automatic;
				DEVELOPMENT_TEAM = YENA34BLHT;
				INFOPLIST_FILE = EssentialApp/Info.plist;
				LD_RUNPATH_SEARCH_PATHS = (
					"$(inherited)",
					"@executable_path/Frameworks",
				);
				PRODUCT_BUNDLE_IDENTIFIER = com.nschucky.EssentialApp;
				PRODUCT_NAME = "$(TARGET_NAME)";
				SWIFT_VERSION = 5.0;
				TARGETED_DEVICE_FAMILY = "1,2";
			};
			name = Debug;
		};
		C3FE4376260703AF0013C543 /* Release */ = {
			isa = XCBuildConfiguration;
			buildSettings = {
				ASSETCATALOG_COMPILER_APPICON_NAME = AppIcon;
				ASSETCATALOG_COMPILER_GLOBAL_ACCENT_COLOR_NAME = AccentColor;
				CODE_SIGN_STYLE = Automatic;
				DEVELOPMENT_TEAM = YENA34BLHT;
				INFOPLIST_FILE = EssentialApp/Info.plist;
				LD_RUNPATH_SEARCH_PATHS = (
					"$(inherited)",
					"@executable_path/Frameworks",
				);
				PRODUCT_BUNDLE_IDENTIFIER = com.nschucky.EssentialApp;
				PRODUCT_NAME = "$(TARGET_NAME)";
				SWIFT_VERSION = 5.0;
				TARGETED_DEVICE_FAMILY = "1,2";
			};
			name = Release;
		};
		C3FE4378260703AF0013C543 /* Debug */ = {
			isa = XCBuildConfiguration;
			buildSettings = {
				ALWAYS_EMBED_SWIFT_STANDARD_LIBRARIES = YES;
				BUNDLE_LOADER = "$(TEST_HOST)";
				CODE_SIGN_STYLE = Automatic;
				DEVELOPMENT_TEAM = YENA34BLHT;
				INFOPLIST_FILE = EssentialAppTests/Info.plist;
				IPHONEOS_DEPLOYMENT_TARGET = 14.3;
				LD_RUNPATH_SEARCH_PATHS = (
					"$(inherited)",
					"@executable_path/Frameworks",
					"@loader_path/Frameworks",
				);
				PRODUCT_BUNDLE_IDENTIFIER = com.nschucky.EssentialAppTests;
				PRODUCT_NAME = "$(TARGET_NAME)";
				SWIFT_VERSION = 5.0;
				TARGETED_DEVICE_FAMILY = "1,2";
				TEST_HOST = "$(BUILT_PRODUCTS_DIR)/EssentialApp.app/EssentialApp";
			};
			name = Debug;
		};
		C3FE4379260703AF0013C543 /* Release */ = {
			isa = XCBuildConfiguration;
			buildSettings = {
				ALWAYS_EMBED_SWIFT_STANDARD_LIBRARIES = YES;
				BUNDLE_LOADER = "$(TEST_HOST)";
				CODE_SIGN_STYLE = Automatic;
				DEVELOPMENT_TEAM = YENA34BLHT;
				INFOPLIST_FILE = EssentialAppTests/Info.plist;
				IPHONEOS_DEPLOYMENT_TARGET = 14.3;
				LD_RUNPATH_SEARCH_PATHS = (
					"$(inherited)",
					"@executable_path/Frameworks",
					"@loader_path/Frameworks",
				);
				PRODUCT_BUNDLE_IDENTIFIER = com.nschucky.EssentialAppTests;
				PRODUCT_NAME = "$(TARGET_NAME)";
				SWIFT_VERSION = 5.0;
				TARGETED_DEVICE_FAMILY = "1,2";
				TEST_HOST = "$(BUILT_PRODUCTS_DIR)/EssentialApp.app/EssentialApp";
			};
			name = Release;
		};
		C3FE437B260703AF0013C543 /* Debug */ = {
			isa = XCBuildConfiguration;
			buildSettings = {
				ALWAYS_EMBED_SWIFT_STANDARD_LIBRARIES = YES;
				CODE_SIGN_STYLE = Automatic;
				DEVELOPMENT_TEAM = YENA34BLHT;
				INFOPLIST_FILE = EssentialAppUITests/Info.plist;
				LD_RUNPATH_SEARCH_PATHS = (
					"$(inherited)",
					"@executable_path/Frameworks",
					"@loader_path/Frameworks",
				);
				PRODUCT_BUNDLE_IDENTIFIER = com.nschucky.EssentialAppUITests;
				PRODUCT_NAME = "$(TARGET_NAME)";
				SWIFT_VERSION = 5.0;
				TARGETED_DEVICE_FAMILY = "1,2";
				TEST_TARGET_NAME = EssentialApp;
			};
			name = Debug;
		};
		C3FE437C260703AF0013C543 /* Release */ = {
			isa = XCBuildConfiguration;
			buildSettings = {
				ALWAYS_EMBED_SWIFT_STANDARD_LIBRARIES = YES;
				CODE_SIGN_STYLE = Automatic;
				DEVELOPMENT_TEAM = YENA34BLHT;
				INFOPLIST_FILE = EssentialAppUITests/Info.plist;
				LD_RUNPATH_SEARCH_PATHS = (
					"$(inherited)",
					"@executable_path/Frameworks",
					"@loader_path/Frameworks",
				);
				PRODUCT_BUNDLE_IDENTIFIER = com.nschucky.EssentialAppUITests;
				PRODUCT_NAME = "$(TARGET_NAME)";
				SWIFT_VERSION = 5.0;
				TARGETED_DEVICE_FAMILY = "1,2";
				TEST_TARGET_NAME = EssentialApp;
			};
			name = Release;
		};
/* End XCBuildConfiguration section */

/* Begin XCConfigurationList section */
		C3FE4345260703AA0013C543 /* Build configuration list for PBXProject "EssentialApp" */ = {
			isa = XCConfigurationList;
			buildConfigurations = (
				C3FE4372260703AF0013C543 /* Debug */,
				C3FE4373260703AF0013C543 /* Release */,
			);
			defaultConfigurationIsVisible = 0;
			defaultConfigurationName = Release;
		};
		C3FE4374260703AF0013C543 /* Build configuration list for PBXNativeTarget "EssentialApp" */ = {
			isa = XCConfigurationList;
			buildConfigurations = (
				C3FE4375260703AF0013C543 /* Debug */,
				C3FE4376260703AF0013C543 /* Release */,
			);
			defaultConfigurationIsVisible = 0;
			defaultConfigurationName = Release;
		};
		C3FE4377260703AF0013C543 /* Build configuration list for PBXNativeTarget "EssentialAppTests" */ = {
			isa = XCConfigurationList;
			buildConfigurations = (
				C3FE4378260703AF0013C543 /* Debug */,
				C3FE4379260703AF0013C543 /* Release */,
			);
			defaultConfigurationIsVisible = 0;
			defaultConfigurationName = Release;
		};
		C3FE437A260703AF0013C543 /* Build configuration list for PBXNativeTarget "EssentialAppUITests" */ = {
			isa = XCConfigurationList;
			buildConfigurations = (
				C3FE437B260703AF0013C543 /* Debug */,
				C3FE437C260703AF0013C543 /* Release */,
			);
			defaultConfigurationIsVisible = 0;
			defaultConfigurationName = Release;
		};
/* End XCConfigurationList section */
	};
	rootObject = C3FE4342260703AA0013C543 /* Project object */;
}
